
Microsoft Visual Studio Solution File, Format Version 12.00
# Visual Studio Version 17
VisualStudioVersion = 17.14.37314.3
MinimumVisualStudioVersion = 10.0.40219.1
Project("{2150E333-8FDC-42A3-9474-1A3956D46DE8}") = "src", "src", "{02EA681E-C7D8-13C7-8484-4AC65E1B71E8}"
EndProject
Project("{2150E333-8FDC-42A3-9474-1A3956D46DE8}") = "Services", "Services", "{CB43DC18-222E-4ABF-8AE6-18FDB7BE3820}"
EndProject
Project("{2150E333-8FDC-42A3-9474-1A3956D46DE8}") = "Catalog", "Catalog", "{787737A7-5C4B-4C7B-8661-1B9532C0085C}"
EndProject
Project("{FAE04EC0-301F-11D3-BF4B-00C04F79EFBC}") = "ByteShop.Catalog.Domain", "ByteShop.Catalog.Domain\ByteShop.Catalog.Domain.csproj", "{0EAE9AA7-FCB8-45D9-8D47-799638980484}"
EndProject
Project("{FAE04EC0-301F-11D3-BF4B-00C04F79EFBC}") = "ByteShop.Catalog.Infrastructure", "ByteShop.Catalog.Infrastructure\ByteShop.Catalog.Infrastructure.csproj", "{0AC75B83-9E12-43D4-B4D2-B39CDCFDB139}"
EndProject
Project("{FAE04EC0-301F-11D3-BF4B-00C04F79EFBC}") = "ByteShop.Catalog.Application", "ByteShop.Catalog.Application\ByteShop.Catalog.Application.csproj", "{79A46A8E-FD5D-4DE5-A168-623C0760A06B}"
EndProject
Project("{FAE04EC0-301F-11D3-BF4B-00C04F79EFBC}") = "ByteShop.Catalog.API", "ByteShop.Catalog.API\ByteShop.Catalog.API.csproj", "{8ED52DA2-244A-457F-906A-B407F6716F86}"
EndProject
Project("{2150E333-8FDC-42A3-9474-1A3956D46DE8}") = "Cart", "Cart", "{EE52809D-CC64-42D0-82DE-16DC04EB456C}"
EndProject
Project("{FAE04EC0-301F-11D3-BF4B-00C04F79EFBC}") = "ByteShop.Cart.Domain", "ByteShop.Cart.Domain\ByteShop.Cart.Domain.csproj", "{4FA2699A-F99E-4AF3-8615-D727855DB954}"
EndProject
Project("{FAE04EC0-301F-11D3-BF4B-00C04F79EFBC}") = "ByteShop.Cart.Application", "ByteShop.Cart.Application\ByteShop.Cart.Application.csproj", "{F4D51979-35DD-4705-9970-1A18C7715C77}"
EndProject
Project("{FAE04EC0-301F-11D3-BF4B-00C04F79EFBC}") = "ByteShop.Cart.Infrastructure", "ByteShop.Cart.Infrastructure\ByteShop.Cart.Infrastructure.csproj", "{24320256-6362-4631-AF75-AF34F377C6A9}"
EndProject
Project("{FAE04EC0-301F-11D3-BF4B-00C04F79EFBC}") = "ByteShop.Cart.API", "ByteShop.Cart.API\ByteShop.Cart.API.csproj", "{511B4129-D31B-4B00-9F6A-ACBCF7A8C079}"
EndProject
Project("{2150E333-8FDC-42A3-9474-1A3956D46DE8}") = "Ordering", "Ordering", "{A1B40851-CF2D-477A-B9DF-CC402DECFF2E}"
EndProject
Project("{FAE04EC0-301F-11D3-BF4B-00C04F79EFBC}") = "ByteShop.Ordering.Domain", "ByteShop.Ordering.Domain\ByteShop.Ordering.Domain.csproj", "{71C3CC2A-8CDC-4663-8DC4-F04665A4784C}"
EndProject
Project("{FAE04EC0-301F-11D3-BF4B-00C04F79EFBC}") = "ByteShop.Ordering.Application", "ByteShop.Ordering.Application\ByteShop.Ordering.Application.csproj", "{23C96B1E-4949-454B-BA36-1961042DE4B7}"
EndProject
Project("{FAE04EC0-301F-11D3-BF4B-00C04F79EFBC}") = "ByteShop.Ordering.Infrastructure", "ByteShop.Ordering.Infrastructure\ByteShop.Ordering.Infrastructure.csproj", "{6B9C2D36-E6F9-4FF2-ACF5-53E0829954A3}"
EndProject
Project("{FAE04EC0-301F-11D3-BF4B-00C04F79EFBC}") = "ByteShop.Ordering.API", "ByteShop.Ordering.API\ByteShop.Ordering.API.csproj", "{CB37A6AB-1EA8-4C4E-92E6-EE7568F267F3}"
EndProject
Project("{FAE04EC0-301F-11D3-BF4B-00C04F79EFBC}") = "ByteShop.BuildingBlocks.EventBus", "ByteShop.BuildingBlocks.EventBus\ByteShop.BuildingBlocks.EventBus.csproj", "{27E9FC22-EF82-41B2-A4C8-66FB2E777846}"
EndProject
Global
	GlobalSection(SolutionConfigurationPlatforms) = preSolution
		Debug|Any CPU = Debug|Any CPU
		Release|Any CPU = Release|Any CPU
	EndGlobalSection
	GlobalSection(ProjectConfigurationPlatforms) = postSolution
		{0EAE9AA7-FCB8-45D9-8D47-799638980484}.Debug|Any CPU.ActiveCfg = Debug|Any CPU
		{0EAE9AA7-FCB8-45D9-8D47-799638980484}.Debug|Any CPU.Build.0 = Debug|Any CPU
		{0EAE9AA7-FCB8-45D9-8D47-799638980484}.Release|Any CPU.ActiveCfg = Release|Any CPU
		{0EAE9AA7-FCB8-45D9-8D47-799638980484}.Release|Any CPU.Build.0 = Release|Any CPU
		{0AC75B83-9E12-43D4-B4D2-B39CDCFDB139}.Debug|Any CPU.ActiveCfg = Debug|Any CPU
		{0AC75B83-9E12-43D4-B4D2-B39CDCFDB139}.Debug|Any CPU.Build.0 = Debug|Any CPU
		{0AC75B83-9E12-43D4-B4D2-B39CDCFDB139}.Release|Any CPU.ActiveCfg = Release|Any CPU
		{0AC75B83-9E12-43D4-B4D2-B39CDCFDB139}.Release|Any CPU.Build.0 = Release|Any CPU
		{79A46A8E-FD5D-4DE5-A168-623C0760A06B}.Debug|Any CPU.ActiveCfg = Debug|Any CPU
		{79A46A8E-FD5D-4DE5-A168-623C0760A06B}.Debug|Any CPU.Build.0 = Debug|Any CPU
		{79A46A8E-FD5D-4DE5-A168-623C0760A06B}.Release|Any CPU.ActiveCfg = Release|Any CPU
		{79A46A8E-FD5D-4DE5-A168-623C0760A06B}.Release|Any CPU.Build.0 = Release|Any CPU
		{8ED52DA2-244A-457F-906A-B407F6716F86}.Debug|Any CPU.ActiveCfg = Debug|Any CPU
		{8ED52DA2-244A-457F-906A-B407F6716F86}.Debug|Any CPU.Build.0 = Debug|Any CPU
		{8ED52DA2-244A-457F-906A-B407F6716F86}.Release|Any CPU.ActiveCfg = Release|Any CPU
		{8ED52DA2-244A-457F-906A-B407F6716F86}.Release|Any CPU.Build.0 = Release|Any CPU
		{4FA2699A-F99E-4AF3-8615-D727855DB954}.Debug|Any CPU.ActiveCfg = Debug|Any CPU
		{4FA2699A-F99E-4AF3-8615-D727855DB954}.Debug|Any CPU.Build.0 = Debug|Any CPU
		{4FA2699A-F99E-4AF3-8615-D727855DB954}.Release|Any CPU.ActiveCfg = Release|Any CPU
		{4FA2699A-F99E-4AF3-8615-D727855DB954}.Release|Any CPU.Build.0 = Release|Any CPU
		{F4D51979-35DD-4705-9970-1A18C7715C77}.Debug|Any CPU.ActiveCfg = Debug|Any CPU
		{F4D51979-35DD-4705-9970-1A18C7715C77}.Debug|Any CPU.Build.0 = Debug|Any CPU
		{F4D51979-35DD-4705-9970-1A18C7715C77}.Release|Any CPU.ActiveCfg = Release|Any CPU
		{F4D51979-35DD-4705-9970-1A18C7715C77}.Release|Any CPU.Build.0 = Release|Any CPU
		{24320256-6362-4631-AF75-AF34F377C6A9}.Debug|Any CPU.ActiveCfg = Debug|Any CPU
		{24320256-6362-4631-AF75-AF34F377C6A9}.Debug|Any CPU.Build.0 = Debug|Any CPU
		{24320256-6362-4631-AF75-AF34F377C6A9}.Release|Any CPU.ActiveCfg = Release|Any CPU
		{24320256-6362-4631-AF75-AF34F377C6A9}.Release|Any CPU.Build.0 = Release|Any CPU
		{511B4129-D31B-4B00-9F6A-ACBCF7A8C079}.Debug|Any CPU.ActiveCfg = Debug|Any CPU
		{511B4129-D31B-4B00-9F6A-ACBCF7A8C079}.Debug|Any CPU.Build.0 = Debug|Any CPU
		{511B4129-D31B-4B00-9F6A-ACBCF7A8C079}.Release|Any CPU.ActiveCfg = Release|Any CPU
		{511B4129-D31B-4B00-9F6A-ACBCF7A8C079}.Release|Any CPU.Build.0 = Release|Any CPU
		{71C3CC2A-8CDC-4663-8DC4-F04665A4784C}.Debug|Any CPU.ActiveCfg = Debug|Any CPU
		{71C3CC2A-8CDC-4663-8DC4-F04665A4784C}.Debug|Any CPU.Build.0 = Debug|Any CPU
		{71C3CC2A-8CDC-4663-8DC4-F04665A4784C}.Release|Any CPU.ActiveCfg = Release|Any CPU
		{71C3CC2A-8CDC-4663-8DC4-F04665A4784C}.Release|Any CPU.Build.0 = Release|Any CPU
		{23C96B1E-4949-454B-BA36-1961042DE4B7}.Debug|Any CPU.ActiveCfg = Debug|Any CPU
		{23C96B1E-4949-454B-BA36-1961042DE4B7}.Debug|Any CPU.Build.0 = Debug|Any CPU
		{23C96B1E-4949-454B-BA36-1961042DE4B7}.Release|Any CPU.ActiveCfg = Release|Any CPU
		{23C96B1E-4949-454B-BA36-1961042DE4B7}.Release|Any CPU.Build.0 = Release|Any CPU
		{6B9C2D36-E6F9-4FF2-ACF5-53E0829954A3}.Debug|Any CPU.ActiveCfg = Debug|Any CPU
		{6B9C2D36-E6F9-4FF2-ACF5-53E0829954A3}.Debug|Any CPU.Build.0 = Debug|Any CPU
		{6B9C2D36-E6F9-4FF2-ACF5-53E0829954A3}.Release|Any CPU.ActiveCfg = Release|Any CPU
		{6B9C2D36-E6F9-4FF2-ACF5-53E0829954A3}.Release|Any CPU.Build.0 = Release|Any CPU
		{CB37A6AB-1EA8-4C4E-92E6-EE7568F267F3}.Debug|Any CPU.ActiveCfg = Debug|Any CPU
		{CB37A6AB-1EA8-4C4E-92E6-EE7568F267F3}.Debug|Any CPU.Build.0 = Debug|Any CPU
		{CB37A6AB-1EA8-4C4E-92E6-EE7568F267F3}.Release|Any CPU.ActiveCfg = Release|Any CPU
		{CB37A6AB-1EA8-4C4E-92E6-EE7568F267F3}.Release|Any CPU.Build.0 = Release|Any CPU
		{27E9FC22-EF82-41B2-A4C8-66FB2E777846}.Debug|Any CPU.ActiveCfg = Debug|Any CPU
		{27E9FC22-EF82-41B2-A4C8-66FB2E777846}.Debug|Any CPU.Build.0 = Debug|Any CPU
		{27E9FC22-EF82-41B2-A4C8-66FB2E777846}.Release|Any CPU.ActiveCfg = Release|Any CPU
		{27E9FC22-EF82-41B2-A4C8-66FB2E777846}.Release|Any CPU.Build.0 = Release|Any CPU
	EndGlobalSection
	GlobalSection(SolutionProperties) = preSolution
		HideSolutionNode = FALSE
	EndGlobalSection
	GlobalSection(NestedProjects) = preSolution
		{CB43DC18-222E-4ABF-8AE6-18FDB7BE3820} = {02EA681E-C7D8-13C7-8484-4AC65E1B71E8}
		{787737A7-5C4B-4C7B-8661-1B9532C0085C} = {CB43DC18-222E-4ABF-8AE6-18FDB7BE3820}
		{0EAE9AA7-FCB8-45D9-8D47-799638980484} = {787737A7-5C4B-4C7B-8661-1B9532C0085C}
		{0AC75B83-9E12-43D4-B4D2-B39CDCFDB139} = {787737A7-5C4B-4C7B-8661-1B9532C0085C}
		{79A46A8E-FD5D-4DE5-A168-623C0760A06B} = {787737A7-5C4B-4C7B-8661-1B9532C0085C}
		{8ED52DA2-244A-457F-906A-B407F6716F86} = {787737A7-5C4B-4C7B-8661-1B9532C0085C}
		{EE52809D-CC64-42D0-82DE-16DC04EB456C} = {CB43DC18-222E-4ABF-8AE6-18FDB7BE3820}
		{4FA2699A-F99E-4AF3-8615-D727855DB954} = {EE52809D-CC64-42D0-82DE-16DC04EB456C}
		{F4D51979-35DD-4705-9970-1A18C7715C77} = {EE52809D-CC64-42D0-82DE-16DC04EB456C}
		{24320256-6362-4631-AF75-AF34F377C6A9} = {EE52809D-CC64-42D0-82DE-16DC04EB456C}
		{511B4129-D31B-4B00-9F6A-ACBCF7A8C079} = {EE52809D-CC64-42D0-82DE-16DC04EB456C}
		{A1B40851-CF2D-477A-B9DF-CC402DECFF2E} = {CB43DC18-222E-4ABF-8AE6-18FDB7BE3820}
		{71C3CC2A-8CDC-4663-8DC4-F04665A4784C} = {A1B40851-CF2D-477A-B9DF-CC402DECFF2E}
		{23C96B1E-4949-454B-BA36-1961042DE4B7} = {A1B40851-CF2D-477A-B9DF-CC402DECFF2E}
		{6B9C2D36-E6F9-4FF2-ACF5-53E0829954A3} = {A1B40851-CF2D-477A-B9DF-CC402DECFF2E}
		{CB37A6AB-1EA8-4C4E-92E6-EE7568F267F3} = {A1B40851-CF2D-477A-B9DF-CC402DECFF2E}
		{27E9FC22-EF82-41B2-A4C8-66FB2E777846} = {02EA681E-C7D8-13C7-8484-4AC65E1B71E8}
	EndGlobalSection
	GlobalSection(ExtensibilityGlobals) = postSolution
		SolutionGuid = {BF4D3487-2A16-45E4-8A20-3EC483CCF34B}
	EndGlobalSection
EndGlobal
